
Microsoft Visual Studio Solution File, Format Version 12.00
# Visual Studio Version 16
VisualStudioVersion = 16.0.29613.14
MinimumVisualStudioVersion = 10.0.40219.1
Project("{FAE04EC0-301F-11D3-BF4B-00C04F79EFBC}") = "EIS_Manager", "EIS_Manager.csproj", "{160E0B24-2D89-44FA-8732-093BBC7FF656}"
EndProject
Global
	GlobalSection(SolutionConfigurationPlatforms) = preSolution
		Debug|Any CPU = Debug|Any CPU
		Release|Any CPU = Release|Any CPU
	EndGlobalSection
	GlobalSection(ProjectConfigurationPlatforms) = postSolution
		{160E0B24-2D89-44FA-8732-093BBC7FF656}.Debug|Any CPU.ActiveCfg = Release|Any CPU
		{160E0B24-2D89-44FA-8732-093BBC7FF656}.Debug|Any CPU.Build.0 = Release|Any CPU
		{160E0B24-2D89-44FA-8732-093BBC7FF656}.Release|Any CPU.ActiveCfg = Release|Any CPU
		{160E0B24-2D89-44FA-8732-093BBC7FF656}.Release|Any CPU.Build.0 = Release|Any CPU
	EndGlobalSection
	GlobalSection(SolutionProperties) = preSolution
		HideSolutionNode = FALSE
	EndGlobalSection
	GlobalSection(ExtensibilityGlobals) = postSolution
		SolutionGuid = {8464272B-D322-4EAD-8F3E-39C443B0CDD6}
	EndGlobalSection
EndGlobal
